dependencies:
- name: common
  repository: https://library-charts.k8s-at-home.com
  version: 4.4.2
- name: redis
  repository: https://charts.pascaliske.dev
  version: 0.0.3
digest: sha256:87dc5e590bf9c197467546fac9d0e9f718445abb682e7b1904148c6ed12796ec
generated: "2024-02-03T22:26:45.672617+08:00"
